
Microsoft Visual Studio Solution File, Format Version 12.00
Project("{2150E333-8FDC-42A3-9474-1A3956D46DE8}") = "3.Sqs", "3.Sqs", "{AE28BEE1-B578-439A-B596-D991B9851F5A}"
EndProject
Project("{2150E333-8FDC-42A3-9474-1A3956D46DE8}") = "4.Sns", "4.Sns", "{BA648C25-CB9E-4FAA-AF91-86A37CCEA382}"
EndProject
Project("{2150E333-8FDC-42A3-9474-1A3956D46DE8}") = "5.DynamoDb", "5.DynamoDb", "{2C17779A-FD5B-4980-BEB0-4A19912178B7}"
EndProject
Project("{2150E333-8FDC-42A3-9474-1A3956D46DE8}") = "6.S3", "6.S3", "{6CC73189-9356-4EE7-B061-73D9395C30AC}"
EndProject
Project("{2150E333-8FDC-42A3-9474-1A3956D46DE8}") = "7.SecretsManager", "7.SecretsManager", "{8D27D9CA-8D14-4CD6-9827-A0837CFB03C3}"
EndProject
Project("{2150E333-8FDC-42A3-9474-1A3956D46DE8}") = "8.Lambda", "8.Lambda", "{DC84F474-F046-44B8-8D2E-BCE6A285FDF5}"
EndProject
Project("{FAE04EC0-301F-11D3-BF4B-00C04F79EFBC}") = "SqsPublisher", "3.Sqs\SqsPublisher\SqsPublisher.csproj", "{E15F3B18-A330-4BA1-A88E-73AC95B83E80}"
EndProject
Project("{FAE04EC0-301F-11D3-BF4B-00C04F79EFBC}") = "SqsConsumer", "3.Sqs\SqsConsumer\SqsConsumer.csproj", "{4C9A6F9D-D943-4ADF-BA28-7A9A1E327A81}"
EndProject
Project("{FAE04EC0-301F-11D3-BF4B-00C04F79EFBC}") = "Customers.Api", "3.Sqs\Customers.Api\Customers.Api.csproj", "{58B37399-C2C0-4F6C-A06F-DEB8F78AA0D1}"
EndProject
Project("{FAE04EC0-301F-11D3-BF4B-00C04F79EFBC}") = "Customers.Consumer", "3.Sqs\Customers.Consumer\Customers.Consumer.csproj", "{358DFABE-91A7-47BC-AD63-C933BA6EAAD1}"
EndProject
Project("{FAE04EC0-301F-11D3-BF4B-00C04F79EFBC}") = "Customers.Api", "4.Sns\Customers.Api\Customers.Api.csproj", "{A3B2E371-F30D-4D0D-9D2B-5BBE271BCF84}"
EndProject
Project("{FAE04EC0-301F-11D3-BF4B-00C04F79EFBC}") = "Customers.Consumer", "4.Sns\Customers.Consumer\Customers.Consumer.csproj", "{752EF227-91AF-44FA-8401-3F26AC0C60EE}"
EndProject
Project("{FAE04EC0-301F-11D3-BF4B-00C04F79EFBC}") = "SqsConsumer", "4.Sns\SqsConsumer\SqsConsumer.csproj", "{64390750-9B0B-4CB7-BD82-5178F7460CFC}"
EndProject
Project("{FAE04EC0-301F-11D3-BF4B-00C04F79EFBC}") = "SnsPublisher", "4.Sns\SnsPublisher\SnsPublisher.csproj", "{2A703A18-F5B0-46E0-A7B7-3E7A65B59CCE}"
EndProject
Project("{FAE04EC0-301F-11D3-BF4B-00C04F79EFBC}") = "Customers.Api", "5.DynamoDb\Customers.Api\Customers.Api.csproj", "{695C7EC0-70CC-4A68-A9ED-2E13CB7E0E6A}"
EndProject
Project("{FAE04EC0-301F-11D3-BF4B-00C04F79EFBC}") = "Movies.Api", "5.DynamoDb\Movies.Api\Movies.Api.csproj", "{1E3BFA9B-C1DA-4DCF-8CA5-343474FAA4D6}"
EndProject
Global
	GlobalSection(SolutionConfigurationPlatforms) = preSolution
		Debug|Any CPU = Debug|Any CPU
		Release|Any CPU = Release|Any CPU
	EndGlobalSection
	GlobalSection(NestedProjects) = preSolution
		{E15F3B18-A330-4BA1-A88E-73AC95B83E80} = {AE28BEE1-B578-439A-B596-D991B9851F5A}
		{4C9A6F9D-D943-4ADF-BA28-7A9A1E327A81} = {AE28BEE1-B578-439A-B596-D991B9851F5A}
		{58B37399-C2C0-4F6C-A06F-DEB8F78AA0D1} = {AE28BEE1-B578-439A-B596-D991B9851F5A}
		{358DFABE-91A7-47BC-AD63-C933BA6EAAD1} = {AE28BEE1-B578-439A-B596-D991B9851F5A}
		{A3B2E371-F30D-4D0D-9D2B-5BBE271BCF84} = {BA648C25-CB9E-4FAA-AF91-86A37CCEA382}
		{752EF227-91AF-44FA-8401-3F26AC0C60EE} = {BA648C25-CB9E-4FAA-AF91-86A37CCEA382}
		{64390750-9B0B-4CB7-BD82-5178F7460CFC} = {BA648C25-CB9E-4FAA-AF91-86A37CCEA382}
		{2A703A18-F5B0-46E0-A7B7-3E7A65B59CCE} = {BA648C25-CB9E-4FAA-AF91-86A37CCEA382}
		{695C7EC0-70CC-4A68-A9ED-2E13CB7E0E6A} = {2C17779A-FD5B-4980-BEB0-4A19912178B7}
		{1E3BFA9B-C1DA-4DCF-8CA5-343474FAA4D6} = {2C17779A-FD5B-4980-BEB0-4A19912178B7}
	EndGlobalSection
	GlobalSection(ProjectConfigurationPlatforms) = postSolution
		{E15F3B18-A330-4BA1-A88E-73AC95B83E80}.Debug|Any CPU.ActiveCfg = Debug|Any CPU
		{E15F3B18-A330-4BA1-A88E-73AC95B83E80}.Debug|Any CPU.Build.0 = Debug|Any CPU
		{E15F3B18-A330-4BA1-A88E-73AC95B83E80}.Release|Any CPU.ActiveCfg = Release|Any CPU
		{E15F3B18-A330-4BA1-A88E-73AC95B83E80}.Release|Any CPU.Build.0 = Release|Any CPU
		{4C9A6F9D-D943-4ADF-BA28-7A9A1E327A81}.Debug|Any CPU.ActiveCfg = Debug|Any CPU
		{4C9A6F9D-D943-4ADF-BA28-7A9A1E327A81}.Debug|Any CPU.Build.0 = Debug|Any CPU
		{4C9A6F9D-D943-4ADF-BA28-7A9A1E327A81}.Release|Any CPU.ActiveCfg = Release|Any CPU
		{4C9A6F9D-D943-4ADF-BA28-7A9A1E327A81}.Release|Any CPU.Build.0 = Release|Any CPU
		{58B37399-C2C0-4F6C-A06F-DEB8F78AA0D1}.Debug|Any CPU.ActiveCfg = Debug|Any CPU
		{58B37399-C2C0-4F6C-A06F-DEB8F78AA0D1}.Debug|Any CPU.Build.0 = Debug|Any CPU
		{58B37399-C2C0-4F6C-A06F-DEB8F78AA0D1}.Release|Any CPU.ActiveCfg = Release|Any CPU
		{58B37399-C2C0-4F6C-A06F-DEB8F78AA0D1}.Release|Any CPU.Build.0 = Release|Any CPU
		{358DFABE-91A7-47BC-AD63-C933BA6EAAD1}.Debug|Any CPU.ActiveCfg = Debug|Any CPU
		{358DFABE-91A7-47BC-AD63-C933BA6EAAD1}.Debug|Any CPU.Build.0 = Debug|Any CPU
		{358DFABE-91A7-47BC-AD63-C933BA6EAAD1}.Release|Any CPU.ActiveCfg = Release|Any CPU
		{358DFABE-91A7-47BC-AD63-C933BA6EAAD1}.Release|Any CPU.Build.0 = Release|Any CPU
		{A3B2E371-F30D-4D0D-9D2B-5BBE271BCF84}.Debug|Any CPU.ActiveCfg = Debug|Any CPU
		{A3B2E371-F30D-4D0D-9D2B-5BBE271BCF84}.Debug|Any CPU.Build.0 = Debug|Any CPU
		{A3B2E371-F30D-4D0D-9D2B-5BBE271BCF84}.Release|Any CPU.ActiveCfg = Release|Any CPU
		{A3B2E371-F30D-4D0D-9D2B-5BBE271BCF84}.Release|Any CPU.Build.0 = Release|Any CPU
		{752EF227-91AF-44FA-8401-3F26AC0C60EE}.Debug|Any CPU.ActiveCfg = Debug|Any CPU
		{752EF227-91AF-44FA-8401-3F26AC0C60EE}.Debug|Any CPU.Build.0 = Debug|Any CPU
		{752EF227-91AF-44FA-8401-3F26AC0C60EE}.Release|Any CPU.ActiveCfg = Release|Any CPU
		{752EF227-91AF-44FA-8401-3F26AC0C60EE}.Release|Any CPU.Build.0 = Release|Any CPU
		{64390750-9B0B-4CB7-BD82-5178F7460CFC}.Debug|Any CPU.ActiveCfg = Debug|Any CPU
		{64390750-9B0B-4CB7-BD82-5178F7460CFC}.Debug|Any CPU.Build.0 = Debug|Any CPU
		{64390750-9B0B-4CB7-BD82-5178F7460CFC}.Release|Any CPU.ActiveCfg = Release|Any CPU
		{64390750-9B0B-4CB7-BD82-5178F7460CFC}.Release|Any CPU.Build.0 = Release|Any CPU
		{2A703A18-F5B0-46E0-A7B7-3E7A65B59CCE}.Debug|Any CPU.ActiveCfg = Debug|Any CPU
		{2A703A18-F5B0-46E0-A7B7-3E7A65B59CCE}.Debug|Any CPU.Build.0 = Debug|Any CPU
		{2A703A18-F5B0-46E0-A7B7-3E7A65B59CCE}.Release|Any CPU.ActiveCfg = Release|Any CPU
		{2A703A18-F5B0-46E0-A7B7-3E7A65B59CCE}.Release|Any CPU.Build.0 = Release|Any CPU
		{695C7EC0-70CC-4A68-A9ED-2E13CB7E0E6A}.Debug|Any CPU.ActiveCfg = Debug|Any CPU
		{695C7EC0-70CC-4A68-A9ED-2E13CB7E0E6A}.Debug|Any CPU.Build.0 = Debug|Any CPU
		{695C7EC0-70CC-4A68-A9ED-2E13CB7E0E6A}.Release|Any CPU.ActiveCfg = Release|Any CPU
		{695C7EC0-70CC-4A68-A9ED-2E13CB7E0E6A}.Release|Any CPU.Build.0 = Release|Any CPU
		{1E3BFA9B-C1DA-4DCF-8CA5-343474FAA4D6}.Debug|Any CPU.ActiveCfg = Debug|Any CPU
		{1E3BFA9B-C1DA-4DCF-8CA5-343474FAA4D6}.Debug|Any CPU.Build.0 = Debug|Any CPU
		{1E3BFA9B-C1DA-4DCF-8CA5-343474FAA4D6}.Release|Any CPU.ActiveCfg = Release|Any CPU
		{1E3BFA9B-C1DA-4DCF-8CA5-343474FAA4D6}.Release|Any CPU.Build.0 = Release|Any CPU
	EndGlobalSection
EndGlobal
